
Microsoft Visual Studio Solution File, Format Version 12.00
# Visual Studio 2013
VisualStudioVersion = 12.0.31101.0
MinimumVisualStudioVersion = 10.0.40219.1
Project("{FAE04EC0-301F-11D3-BF4B-00C04F79EFBC}") = "ABCPdfHtmlToPdfAzure", "ABCPdfHtmlToPdfAzure\ABCPdfHtmlToPdfAzure.csproj", "{453F43BB-F209-4D90-BA34-DBF09B9B2F4E}"
EndProject
Project("{2150E333-8FDC-42A3-9474-1A3956D46DE8}") = "PublishScripts", "PublishScripts", "{6D6C72FE-41FD-4A28-AA8C-D3A07732A49F}"
	ProjectSection(SolutionItems) = preProject
		PublishScripts\AzureWebsitePublishModule.psm1 = PublishScripts\AzureWebsitePublishModule.psm1
		PublishScripts\Publish-WebApplicationWebsite.ps1 = PublishScripts\Publish-WebApplicationWebsite.ps1
	EndProjectSection
EndProject
Project("{2150E333-8FDC-42A3-9474-1A3956D46DE8}") = "Configurations", "Configurations", "{0B8E0AF1-147D-47AB-9DBC-2F9C83596CD9}"
	ProjectSection(SolutionItems) = preProject
		PublishScripts\Configurations\ABCPdfHtmlToPdfAzure-WAWS-dev.json = PublishScripts\Configurations\ABCPdfHtmlToPdfAzure-WAWS-dev.json
	EndProjectSection
EndProject
Global
	GlobalSection(SolutionConfigurationPlatforms) = preSolution
		Debug|Any CPU = Debug|Any CPU
		Release|Any CPU = Release|Any CPU
	EndGlobalSection
	GlobalSection(ProjectConfigurationPlatforms) = postSolution
		{453F43BB-F209-4D90-BA34-DBF09B9B2F4E}.Debug|Any CPU.ActiveCfg = Debug|Any CPU
		{453F43BB-F209-4D90-BA34-DBF09B9B2F4E}.Debug|Any CPU.Build.0 = Debug|Any CPU
		{453F43BB-F209-4D90-BA34-DBF09B9B2F4E}.Release|Any CPU.ActiveCfg = Release|Any CPU
		{453F43BB-F209-4D90-BA34-DBF09B9B2F4E}.Release|Any CPU.Build.0 = Release|Any CPU
	EndGlobalSection
	GlobalSection(SolutionProperties) = preSolution
		HideSolutionNode = FALSE
	EndGlobalSection
	GlobalSection(NestedProjects) = preSolution
		{0B8E0AF1-147D-47AB-9DBC-2F9C83596CD9} = {6D6C72FE-41FD-4A28-AA8C-D3A07732A49F}
	EndGlobalSection
EndGlobal
